// !$*UTF8*$!
{
	archiveVersion = 1;
	classes = {
	};
	objectVersion = 77;
	objects = {

/* Begin PBXBuildFile section */
		679057FCCFE10F5F17C72A53 /* MemoryEveryDayApp.swift in Sources */ = {isa = PBXBuildFile; fileRef = 9A190ECCF176AEB43BF2040B /* MemoryEveryDayApp.swift */; };
		6F9F0C957E7C61F493477B00 /* Speech.framework in Frameworks */ = {isa = PBXBuildFile; fileRef = 4A3E627BBF15D6EBBB016B7F /* Speech.framework */; };
		742CC35C04EA5A6DB5B64555 /* NativeWebView.swift in Sources */ = {isa = PBXBuildFile; fileRef = 707193388A2EF760226F0F53 /* NativeWebView.swift */; };
		86DC3C3B59053FA5629C2342 /* wecom-daily-memo-icon.png in Resources */ = {isa = PBXBuildFile; fileRef = 39EC438F09E292F6A19AF4CF /* wecom-daily-memo-icon.png */; };
		90C48BCD5D991A30555B38D5 /* Assets.xcassets in Resources */ = {isa = PBXBuildFile; fileRef = 050668D8E90482CF513E4135 /* Assets.xcassets */; };
		A179E768B16822E3A8375129 /* LaunchScreen.storyboard in Resources */ = {isa = PBXBuildFile; fileRef = D2A41037F997210B0F1D58B5 /* LaunchScreen.storyboard */; };
/* End PBXBuildFile section */

/* Begin PBXFileReference section */
		050668D8E90482CF513E4135 /* Assets.xcassets */ = {isa = PBXFileReference; lastKnownFileType = folder.assetcatalog; path = Assets.xcassets; sourceTree = "<group>"; };
		39EC438F09E292F6A19AF4CF /* wecom-daily-memo-icon.png */ = {isa = PBXFileReference; lastKnownFileType = image.png; path = "wecom-daily-memo-icon.png"; sourceTree = "<group>"; };
		4A3E627BBF15D6EBBB016B7F /* Speech.framework */ = {isa = PBXFileReference; lastKnownFileType = wrapper.framework; name = Speech.framework; path = System/Library/Frameworks/Speech.framework; sourceTree = SDKROOT; };
		707193388A2EF760226F0F53 /* NativeWebView.swift */ = {isa = PBXFileReference; lastKnownFileType = sourcecode.swift; path = NativeWebView.swift; sourceTree = "<group>"; };
		9062D620E4FFA5143828F61E /* Info.plist */ = {isa = PBXFileReference; lastKnownFileType = text.plist; path = Info.plist; sourceTree = "<group>"; };
		9A190ECCF176AEB43BF2040B /* MemoryEveryDayApp.swift */ = {isa = PBXFileReference; lastKnownFileType = sourcecode.swift; path = MemoryEveryDayApp.swift; sourceTree = "<group>"; };
		D2A41037F997210B0F1D58B5 /* LaunchScreen.storyboard */ = {isa = PBXFileReference; lastKnownFileType = file.storyboard; path = LaunchScreen.storyboard; sourceTree = "<group>"; };
		F1A8094CAA3344A70B07E0DC /* MemoryEveryDay.app */ = {isa = PBXFileReference; includeInIndex = 0; lastKnownFileType = wrapper.application; path = MemoryEveryDay.app; sourceTree = BUILT_PRODUCTS_DIR; };
/* End PBXFileReference section */

/* Begin PBXFrameworksBuildPhase section */
		D8BBAB105EED2AEE83AF0E64 /* Frameworks */ = {
			isa = PBXFrameworksBuildPhase;
			buildActionMask = 2147483647;
			files = (
				6F9F0C957E7C61F493477B00 /* Speech.framework in Frameworks */,
			);
			runOnlyForDeploymentPostprocessing = 0;
		};
/* End PBXFrameworksBuildPhase section */

/* Begin PBXGroup section */
		23DE0E5C9421901696FACF0F /* Frameworks */ = {
			isa = PBXGroup;
			children = (
				4A3E627BBF15D6EBBB016B7F /* Speech.framework */,
			);
			name = Frameworks;
			sourceTree = "<group>";
		};
		33A2ECC12D2CAA69B0A2E9BD /* Products */ = {
			isa = PBXGroup;
			children = (
				F1A8094CAA3344A70B07E0DC /* MemoryEveryDay.app */,
			);
			name = Products;
			sourceTree = "<group>";
		};
		3971AE7E37AC7D2E381FFBE1 = {
			isa = PBXGroup;
			children = (
				5B57F307D3EEAF92E7D6A002 /* MemoryEveryDay */,
				8122A2AD7CB0F2F3260E7C2F /* MemoryEveryDay */,
				23DE0E5C9421901696FACF0F /* Frameworks */,
				33A2ECC12D2CAA69B0A2E9BD /* Products */,
			);
			sourceTree = "<group>";
		};
		5B57F307D3EEAF92E7D6A002 /* MemoryEveryDay */ = {
			isa = PBXGroup;
			children = (
				050668D8E90482CF513E4135 /* Assets.xcassets */,
				9062D620E4FFA5143828F61E /* Info.plist */,
				D2A41037F997210B0F1D58B5 /* LaunchScreen.storyboard */,
				9A190ECCF176AEB43BF2040B /* MemoryEveryDayApp.swift */,
				707193388A2EF760226F0F53 /* NativeWebView.swift */,
			);
			path = MemoryEveryDay;
			sourceTree = "<group>";
		};
		8122A2AD7CB0F2F3260E7C2F /* MemoryEveryDay */ = {
			isa = PBXGroup;
			children = (
				39EC438F09E292F6A19AF4CF /* wecom-daily-memo-icon.png */,
			);
			name = MemoryEveryDay;
			path = ../..;
			sourceTree = "<group>";
		};
/* End PBXGroup section */

/* Begin PBXNativeTarget section */
		C83516F3D23D01A915A149A5 /* MemoryEveryDay */ = {
			isa = PBXNativeTarget;
			buildConfigurationList = EC6D3BDBB64993EB463AF3F3 /* Build configuration list for PBXNativeTarget "MemoryEveryDay" */;
			buildPhases = (
				88F896B765C4C33E38A51A16 /* Sources */,
				EDA895B9DCACF798BA5FE5C1 /* Resources */,
				D8BBAB105EED2AEE83AF0E64 /* Frameworks */,
			);
			buildRules = (
			);
			dependencies = (
			);
			name = MemoryEveryDay;
			packageProductDependencies = (
			);
			productName = MemoryEveryDay;
			productReference = F1A8094CAA3344A70B07E0DC /* MemoryEveryDay.app */;
			productType = "com.apple.product-type.application";
		};
/* End PBXNativeTarget section */

/* Begin PBXProject section */
		7F7890687F6F6A7EF15EF9DB /* Project object */ = {
			isa = PBXProject;
			attributes = {
				BuildIndependentTargetsInParallel = YES;
				LastUpgradeCheck = 1430;
				TargetAttributes = {
					C83516F3D23D01A915A149A5 = {
						DevelopmentTeam = 6X7732M9V3;
						ProvisioningStyle = Automatic;
					};
				};
			};
			buildConfigurationList = 4B51C31169543C72E44209AF /* Build configuration list for PBXProject "MemoryEveryDay" */;
			developmentRegion = en;
			hasScannedForEncodings = 0;
			knownRegions = (
				Base,
				en,
			);
			mainGroup = 3971AE7E37AC7D2E381FFBE1;
			minimizedProjectReferenceProxies = 1;
			preferredProjectObjectVersion = 77;
			productRefGroup = 33A2ECC12D2CAA69B0A2E9BD /* Products */;
			projectDirPath = "";
			projectRoot = "";
			targets = (
				C83516F3D23D01A915A149A5 /* MemoryEveryDay */,
			);
		};
/* End PBXProject section */

/* Begin PBXResourcesBuildPhase section */
		EDA895B9DCACF798BA5FE5C1 /* Resources */ = {
			isa = PBXResourcesBuildPhase;
			buildActionMask = 2147483647;
			files = (
				90C48BCD5D991A30555B38D5 /* Assets.xcassets in Resources */,
				A179E768B16822E3A8375129 /* LaunchScreen.storyboard in Resources */,
				86DC3C3B59053FA5629C2342 /* wecom-daily-memo-icon.png in Resources */,
			);
			runOnlyForDeploymentPostprocessing = 0;
		};
/* End PBXResourcesBuildPhase section */

/* Begin PBXSourcesBuildPhase section */
		88F896B765C4C33E38A51A16 /* Sources */ = {
			isa = PBXSourcesBuildPhase;
			buildActionMask = 2147483647;
			files = (
				679057FCCFE10F5F17C72A53 /* MemoryEveryDayApp.swift in Sources */,
				742CC35C04EA5A6DB5B64555 /* NativeWebView.swift in Sources */,
			);
			runOnlyForDeploymentPostprocessing = 0;
		};
/* End PBXSourcesBuildPhase section */

/* Begin XCBuildConfiguration section */
		96DCD702AADE3916CFB47AFC /* Release */ = {
			isa = XCBuildConfiguration;
			buildSettings = {
				ALWAYS_SEARCH_USER_PATHS = NO;
				CLANG_ANALYZER_NONNULL = YES;
				CLANG_ANALYZER_NUMBER_OBJECT_CONVERSION = YES_AGGRESSIVE;
				CLANG_CXX_LANGUAGE_STANDARD = "gnu++14";
				CLANG_CXX_LIBRARY = "libc++";
				CLANG_ENABLE_MODULES = YES;
				CLANG_ENABLE_OBJC_ARC = YES;
				CLANG_ENABLE_OBJC_WEAK = YES;
				CLANG_WARN_BLOCK_CAPTURE_AUTORELEASING = YES;
				CLANG_WARN_BOOL_CONVERSION = YES;
				CLANG_WARN_COMMA = YES;
				CLANG_WARN_CONSTANT_CONVERSION = YES;
				CLANG_WARN_DEPRECATED_OBJC_IMPLEMENTATIONS = YES;
				CLANG_WARN_DIRECT_OBJC_ISA_USAGE = YES_ERROR;
				CLANG_WARN_DOCUMENTATION_COMMENTS = YES;
				CLANG_WARN_EMPTY_BODY = YES;
				CLANG_WARN_ENUM_CONVERSION = YES;
				CLANG_WARN_INFINITE_RECURSION = YES;
				CLANG_WARN_INT_CONVERSION = YES;
				CLANG_WARN_NON_LITERAL_NULL_CONVERSION = YES;
				CLANG_WARN_OBJC_IMPLICIT_RETAIN_SELF = YES;
				CLANG_WARN_OBJC_LITERAL_CONVERSION = YES;
				CLANG_WARN_OBJC_ROOT_CLASS = YES_ERROR;
				CLANG_WARN_QUOTED_INCLUDE_IN_FRAMEWORK_HEADER = YES;
				CLANG_WARN_RANGE_LOOP_ANALYSIS = YES;
				CLANG_WARN_STRICT_PROTOTYPES = YES;
				CLANG_WARN_SUSPICIOUS_MOVE = YES;
				CLANG_WARN_UNGUARDED_AVAILABILITY = YES_AGGRESSIVE;
				CLANG_WARN_UNREACHABLE_CODE = YES;
				CLANG_WARN__DUPLICATE_METHOD_MATCH = YES;
				COPY_PHASE_STRIP = NO;
				DEBUG_INFORMATION_FORMAT = "dwarf-with-dsym";
				DEVELOPMENT_TEAM = 6X7732M9V3;
				ENABLE_NS_ASSERTIONS = NO;
				ENABLE_STRICT_OBJC_MSGSEND = YES;
				GCC_C_LANGUAGE_STANDARD = gnu11;
				GCC_NO_COMMON_BLOCKS = YES;
				GCC_WARN_64_TO_32_BIT_CONVERSION = YES;
				GCC_WARN_ABOUT_RETURN_TYPE = YES_ERROR;
				GCC_WARN_UNDECLARED_SELECTOR = YES;
				GCC_WARN_UNINITIALIZED_AUTOS = YES_AGGRESSIVE;
				GCC_WARN_UNUSED_FUNCTION = YES;
				GCC_WARN_UNUSED_VARIABLE = YES;
				IPHONEOS_DEPLOYMENT_TARGET = 17.0;
				MTL_ENABLE_DEBUG_INFO = NO;
				MTL_FAST_MATH = YES;
				PRODUCT_NAME = "$(TARGET_NAME)";
				SDKROOT = iphoneos;
				SWIFT_COMPILATION_MODE = wholemodule;
				SWIFT_OPTIMIZATION_LEVEL = "-O";
				SWIFT_VERSION = 5.0;
			};
			name = Release;
		};
		BCED53EFF1A2C1126C873DD4 /* Release */ = {
			isa = XCBuildConfiguration;
			buildSettings = {
				ASSETCATALOG_COMPILER_APPICON_NAME = AppIcon;
				CODE_SIGN_IDENTITY = "iPhone Developer";
				CODE_SIGN_STYLE = Automatic;
				INFOPLIST_FILE = MemoryEveryDay/Info.plist;
				LD_RUNPATH_SEARCH_PATHS = (
					"$(inherited)",
					"@executable_path/Frameworks",
				);
				PRODUCT_BUNDLE_IDENTIFIER = com.memoryeveryday.app;
				SDKROOT = iphoneos;
				TARGETED_DEVICE_FAMILY = "1,2";
			};
			name = Release;
		};
		EF5BD999B4D0894C1725EE6C /* Debug */ = {
			isa = XCBuildConfiguration;
			buildSettings = {
				ALWAYS_SEARCH_USER_PATHS = NO;
				CLANG_ANALYZER_NONNULL = YES;
				CLANG_ANALYZER_NUMBER_OBJECT_CONVERSION = YES_AGGRESSIVE;
				CLANG_CXX_LANGUAGE_STANDARD = "gnu++14";
				CLANG_CXX_LIBRARY = "libc++";
				CLANG_ENABLE_MODULES = YES;
				CLANG_ENABLE_OBJC_ARC = YES;
				CLANG_ENABLE_OBJC_WEAK = YES;
				CLANG_WARN_BLOCK_CAPTURE_AUTORELEASING = YES;
				CLANG_WARN_BOOL_CONVERSION = YES;
				CLANG_WARN_COMMA = YES;
				CLANG_WARN_CONSTANT_CONVERSION = YES;
				CLANG_WARN_DEPRECATED_OBJC_IMPLEMENTATIONS = YES;
				CLANG_WARN_DIRECT_OBJC_ISA_USAGE = YES_ERROR;
				CLANG_WARN_DOCUMENTATION_COMMENTS = YES;
				CLANG_WARN_EMPTY_BODY = YES;
				CLANG_WARN_ENUM_CONVERSION = YES;
				CLANG_WARN_INFINITE_RECURSION = YES;
				CLANG_WARN_INT_CONVERSION = YES;
				CLANG_WARN_NON_LITERAL_NULL_CONVERSION = YES;
				CLANG_WARN_OBJC_IMPLICIT_RETAIN_SELF = YES;
				CLANG_WARN_OBJC_LITERAL_CONVERSION = YES;
				CLANG_WARN_OBJC_ROOT_CLASS = YES_ERROR;
				CLANG_WARN_QUOTED_INCLUDE_IN_FRAMEWORK_HEADER = YES;
				CLANG_WARN_RANGE_LOOP_ANALYSIS = YES;
				CLANG_WARN_STRICT_PROTOTYPES = YES;
				CLANG_WARN_SUSPICIOUS_MOVE = YES;
				CLANG_WARN_UNGUARDED_AVAILABILITY = YES_AGGRESSIVE;
				CLANG_WARN_UNREACHABLE_CODE = YES;
				CLANG_WARN__DUPLICATE_METHOD_MATCH = YES;
				COPY_PHASE_STRIP = NO;
				DEBUG_INFORMATION_FORMAT = dwarf;
				DEVELOPMENT_TEAM = 6X7732M9V3;
				ENABLE_STRICT_OBJC_MSGSEND = YES;
				ENABLE_TESTABILITY = YES;
				GCC_C_LANGUAGE_STANDARD = gnu11;
				GCC_DYNAMIC_NO_PIC = NO;
				GCC_NO_COMMON_BLOCKS = YES;
				GCC_OPTIMIZATION_LEVEL = 0;
				GCC_PREPROCESSOR_DEFINITIONS = (
					"$(inherited)",
					"DEBUG=1",
				);
				GCC_WARN_64_TO_32_BIT_CONVERSION = YES;
				GCC_WARN_ABOUT_RETURN_TYPE = YES_ERROR;
				GCC_WARN_UNDECLARED_SELECTOR = YES;
				GCC_WARN_UNINITIALIZED_AUTOS = YES_AGGRESSIVE;
				GCC_WARN_UNUSED_FUNCTION = YES;
				GCC_WARN_UNUSED_VARIABLE = YES;
				IPHONEOS_DEPLOYMENT_TARGET = 17.0;
				MTL_ENABLE_DEBUG_INFO = INCLUDE_SOURCE;
				MTL_FAST_MATH = YES;
				ONLY_ACTIVE_ARCH = YES;
				PRODUCT_NAME = "$(TARGET_NAME)";
				SDKROOT = iphoneos;
				SWIFT_ACTIVE_COMPILATION_CONDITIONS = DEBUG;
				SWIFT_OPTIMIZATION_LEVEL = "-Onone";
				SWIFT_VERSION = 5.0;
			};
			name = Debug;
		};
		F278A83B6B4677FEA7F51AE3 /* Debug */ = {
			isa = XCBuildConfiguration;
			buildSettings = {
				ASSETCATALOG_COMPILER_APPICON_NAME = AppIcon;
				CODE_SIGN_IDENTITY = "iPhone Developer";
				CODE_SIGN_STYLE = Automatic;
				INFOPLIST_FILE = MemoryEveryDay/Info.plist;
				LD_RUNPATH_SEARCH_PATHS = (
					"$(inherited)",
					"@executable_path/Frameworks",
				);
				PRODUCT_BUNDLE_IDENTIFIER = com.memoryeveryday.app;
				SDKROOT = iphoneos;
				TARGETED_DEVICE_FAMILY = "1,2";
			};
			name = Debug;
		};
/* End XCBuildConfiguration section */

/* Begin XCConfigurationList section */
		4B51C31169543C72E44209AF /* Build configuration list for PBXProject "MemoryEveryDay" */ = {
			isa = XCConfigurationList;
			buildConfigurations = (
				EF5BD999B4D0894C1725EE6C /* Debug */,
				96DCD702AADE3916CFB47AFC /* Release */,
			);
			defaultConfigurationIsVisible = 0;
			defaultConfigurationName = Debug;
		};
		EC6D3BDBB64993EB463AF3F3 /* Build configuration list for PBXNativeTarget "MemoryEveryDay" */ = {
			isa = XCConfigurationList;
			buildConfigurations = (
				F278A83B6B4677FEA7F51AE3 /* Debug */,
				BCED53EFF1A2C1126C873DD4 /* Release */,
			);
			defaultConfigurationIsVisible = 0;
			defaultConfigurationName = Debug;
		};
/* End XCConfigurationList section */
	};
	rootObject = 7F7890687F6F6A7EF15EF9DB /* Project object */;
}
